
Microsoft Visual Studio Solution File, Format Version 12.00
# Visual Studio Version 17
VisualStudioVersion = 17.2.32526.322
MinimumVisualStudioVersion = 10.0.40219.1
Project("{FAE04EC0-301F-11D3-BF4B-00C04F79EFBC}") = "FacturacionElectronicaCompleta", "FacturacionElectronicaCompleta.csproj", "{815CB659-986F-466D-9BFD-777CC0C7B32D}"
EndProject
Global
	GlobalSection(SolutionConfigurationPlatforms) = preSolution
		Debug|Any CPU = Debug|Any CPU
		Release|Any CPU = Release|Any CPU
	EndGlobalSection
	GlobalSection(ProjectConfigurationPlatforms) = postSolution
		{815CB659-986F-466D-9BFD-777CC0C7B32D}.Debug|Any CPU.ActiveCfg = Debug|Any CPU
		{815CB659-986F-466D-9BFD-777CC0C7B32D}.Debug|Any CPU.Build.0 = Debug|Any CPU
		{815CB659-986F-466D-9BFD-777CC0C7B32D}.Release|Any CPU.ActiveCfg = Release|Any CPU
		{815CB659-986F-466D-9BFD-777CC0C7B32D}.Release|Any CPU.Build.0 = Release|Any CPU
	EndGlobalSection
	GlobalSection(SolutionProperties) = preSolution
		HideSolutionNode = FALSE
	EndGlobalSection
	GlobalSection(ExtensibilityGlobals) = postSolution
		SolutionGuid = {C6F53603-AC29-4F5D-9682-4E531DA2C7D2}
	EndGlobalSection
EndGlobal
